
Microsoft Visual Studio Solution File, Format Version 12.00
# Visual Studio 15
VisualStudioVersion = 15.0.26228.13
MinimumVisualStudioVersion = 10.0.40219.1
Project("{FAE04EC0-301F-11D3-BF4B-00C04F79EFBC}") = "SauleStarter", "SauleStarter\SauleStarter.csproj", "{C7E5BDEA-DAB5-469F-90F6-9E0C756AB6DA}"
EndProject
Global
	GlobalSection(SolutionConfigurationPlatforms) = preSolution
		Debug|Any CPU = Debug|Any CPU
		Release|Any CPU = Release|Any CPU
	EndGlobalSection
	GlobalSection(ProjectConfigurationPlatforms) = postSolution
		{C7E5BDEA-DAB5-469F-90F6-9E0C756AB6DA}.Debug|Any CPU.ActiveCfg = Debug|Any CPU
		{C7E5BDEA-DAB5-469F-90F6-9E0C756AB6DA}.Debug|Any CPU.Build.0 = Debug|Any CPU
		{C7E5BDEA-DAB5-469F-90F6-9E0C756AB6DA}.Release|Any CPU.ActiveCfg = Release|Any CPU
		{C7E5BDEA-DAB5-469F-90F6-9E0C756AB6DA}.Release|Any CPU.Build.0 = Release|Any CPU
	EndGlobalSection
	GlobalSection(SolutionProperties) = preSolution
		HideSolutionNode = FALSE
	EndGlobalSection
EndGlobal
